
Microsoft Visual Studio Solution File, Format Version 12.00
# Visual Studio 15
VisualStudioVersion = 15.0.27703.2035
MinimumVisualStudioVersion = 10.0.40219.1
Project("{FAE04EC0-301F-11D3-BF4B-00C04F79EFBC}") = "Cap_Tools", "CAP_Tools\Cap_Tools.csproj", "{B01D0CEC-D319-4214-A099-28069498CFB9}"
EndProject
Global
	GlobalSection(SolutionConfigurationPlatforms) = preSolution
		Debug|Any CPU = Debug|Any CPU
		Release|Any CPU = Release|Any CPU
	EndGlobalSection
	GlobalSection(ProjectConfigurationPlatforms) = postSolution
		{B01D0CEC-D319-4214-A099-28069498CFB9}.Debug|Any CPU.ActiveCfg = Debug|Any CPU
		{B01D0CEC-D319-4214-A099-28069498CFB9}.Debug|Any CPU.Build.0 = Debug|Any CPU
		{B01D0CEC-D319-4214-A099-28069498CFB9}.Release|Any CPU.ActiveCfg = Release|Any CPU
		{B01D0CEC-D319-4214-A099-28069498CFB9}.Release|Any CPU.Build.0 = Release|Any CPU
	EndGlobalSection
	GlobalSection(SolutionProperties) = preSolution
		HideSolutionNode = FALSE
	EndGlobalSection
	GlobalSection(ExtensibilityGlobals) = postSolution
		SolutionGuid = {69239910-2329-49EB-A8FE-8FFFC256A090}
	EndGlobalSection
EndGlobal
